// !$*UTF8*$!
{
	archiveVersion = 1;
	classes = {
	};
	objectVersion = 51;
	objects = {

/* Begin PBXBuildFile section */
		36B88A64A73D813BA39DCBA5 /* Pods_Newspaper.framework in Frameworks */ = {isa = PBXBuildFile; fileRef = 7EBECEC3C728A459478304AA /* Pods_Newspaper.framework */; };
		BA22AA7A2347C2F900E77EE3 /* AppCoordinator.swift in Sources */ = {isa = PBXBuildFile; fileRef = BA22AA792347C2F900E77EE3 /* AppCoordinator.swift */; };
		BA22AA7C2347C33400E77EE3 /* Coordinator.swift in Sources */ = {isa = PBXBuildFile; fileRef = BA22AA7B2347C33400E77EE3 /* Coordinator.swift */; };
		BA22AA7E2347C34F00E77EE3 /* Navigator.swift in Sources */ = {isa = PBXBuildFile; fileRef = BA22AA7D2347C34F00E77EE3 /* Navigator.swift */; };
		BA22AA802347C41E00E77EE3 /* AuthCoordinator.swift in Sources */ = {isa = PBXBuildFile; fileRef = BA22AA7F2347C41E00E77EE3 /* AuthCoordinator.swift */; };
		BA22AA822347D59200E77EE3 /* FeedCoordinator.swift in Sources */ = {isa = PBXBuildFile; fileRef = BA22AA812347D59200E77EE3 /* FeedCoordinator.swift */; };
		BA22AA852347D5DA00E77EE3 /* Feed.storyboard in Resources */ = {isa = PBXBuildFile; fileRef = BA22AA842347D5DA00E77EE3 /* Feed.storyboard */; };
		BA22AA872347D5EA00E77EE3 /* FeedVC.swift in Sources */ = {isa = PBXBuildFile; fileRef = BA22AA862347D5EA00E77EE3 /* FeedVC.swift */; };
		BA22AA892347EA8C00E77EE3 /* RegisteredVC.swift in Sources */ = {isa = PBXBuildFile; fileRef = BA22AA882347EA8C00E77EE3 /* RegisteredVC.swift */; };
		BA22AA8B2348C9AB00E77EE3 /* ProfileVC.swift in Sources */ = {isa = PBXBuildFile; fileRef = BA22AA8A2348C9AB00E77EE3 /* ProfileVC.swift */; };
		BA22AA8D2348CADB00E77EE3 /* TabBarVC.swift in Sources */ = {isa = PBXBuildFile; fileRef = BA22AA8C2348CADB00E77EE3 /* TabBarVC.swift */; };
		BA22AA8F2348CFFF00E77EE3 /* FriendVC.swift in Sources */ = {isa = PBXBuildFile; fileRef = BA22AA8E2348CFFF00E77EE3 /* FriendVC.swift */; };
		BA22AA9E2348D61200E77EE3 /* Roboto-Medium.ttf in Resources */ = {isa = PBXBuildFile; fileRef = BA22AA912348D61200E77EE3 /* Roboto-Medium.ttf */; };
		BA22AA9F2348D61200E77EE3 /* Roboto-Light.ttf in Resources */ = {isa = PBXBuildFile; fileRef = BA22AA922348D61200E77EE3 /* Roboto-Light.ttf */; };
		BA22AAA02348D61200E77EE3 /* Roboto-Regular.ttf in Resources */ = {isa = PBXBuildFile; fileRef = BA22AA932348D61200E77EE3 /* Roboto-Regular.ttf */; };
		BA22AAA12348D61200E77EE3 /* Roboto-MediumItalic.ttf in Resources */ = {isa = PBXBuildFile; fileRef = BA22AA942348D61200E77EE3 /* Roboto-MediumItalic.ttf */; };
		BA22AAA22348D61200E77EE3 /* Roboto-ThinItalic.ttf in Resources */ = {isa = PBXBuildFile; fileRef = BA22AA952348D61200E77EE3 /* Roboto-ThinItalic.ttf */; };
		BA22AAA32348D61200E77EE3 /* Roboto-BoldItalic.ttf in Resources */ = {isa = PBXBuildFile; fileRef = BA22AA962348D61200E77EE3 /* Roboto-BoldItalic.ttf */; };
		BA22AAA42348D61200E77EE3 /* Roboto-LightItalic.ttf in Resources */ = {isa = PBXBuildFile; fileRef = BA22AA972348D61200E77EE3 /* Roboto-LightItalic.ttf */; };
		BA22AAA52348D61200E77EE3 /* Roboto-Italic.ttf in Resources */ = {isa = PBXBuildFile; fileRef = BA22AA982348D61200E77EE3 /* Roboto-Italic.ttf */; };
		BA22AAA62348D61200E77EE3 /* LICENSE.txt in Resources */ = {isa = PBXBuildFile; fileRef = BA22AA992348D61200E77EE3 /* LICENSE.txt */; };
		BA22AAA72348D61200E77EE3 /* Roboto-BlackItalic.ttf in Resources */ = {isa = PBXBuildFile; fileRef = BA22AA9A2348D61200E77EE3 /* Roboto-BlackItalic.ttf */; };
		BA22AAA82348D61200E77EE3 /* Roboto-Bold.ttf in Resources */ = {isa = PBXBuildFile; fileRef = BA22AA9B2348D61200E77EE3 /* Roboto-Bold.ttf */; };
		BA22AAA92348D61200E77EE3 /* Roboto-Thin.ttf in Resources */ = {isa = PBXBuildFile; fileRef = BA22AA9C2348D61200E77EE3 /* Roboto-Thin.ttf */; };
		BA22AAAA2348D61200E77EE3 /* Roboto-Black.ttf in Resources */ = {isa = PBXBuildFile; fileRef = BA22AA9D2348D61200E77EE3 /* Roboto-Black.ttf */; };
		BA46C57A234652BD00FC1E0D /* AppDelegate.swift in Sources */ = {isa = PBXBuildFile; fileRef = BA46C558234652BD00FC1E0D /* AppDelegate.swift */; };
		BA46C57B234652BD00FC1E0D /* Assets.xcassets in Resources */ = {isa = PBXBuildFile; fileRef = BA46C55A234652BD00FC1E0D /* Assets.xcassets */; };
		BA46C57C234652BD00FC1E0D /* LaunchScreen.storyboard in Resources */ = {isa = PBXBuildFile; fileRef = BA46C55B234652BD00FC1E0D /* LaunchScreen.storyboard */; };
		BA46C57F234652BD00FC1E0D /* ListTransform.swift in Sources */ = {isa = PBXBuildFile; fileRef = BA46C561234652BD00FC1E0D /* ListTransform.swift */; };
		BA46C580234652BD00FC1E0D /* Realm.swift in Sources */ = {isa = PBXBuildFile; fileRef = BA46C565234652BD00FC1E0D /* Realm.swift */; };
		BA46C582234652BD00FC1E0D /* Array+Utils.swift in Sources */ = {isa = PBXBuildFile; fileRef = BA46C567234652BD00FC1E0D /* Array+Utils.swift */; };
		BA46C583234652BD00FC1E0D /* Sequence+Utils.swift in Sources */ = {isa = PBXBuildFile; fileRef = BA46C568234652BD00FC1E0D /* Sequence+Utils.swift */; };
		BA46C585234652BD00FC1E0D /* String+Utils.swift in Sources */ = {isa = PBXBuildFile; fileRef = BA46C56A234652BD00FC1E0D /* String+Utils.swift */; };
		BA46C586234652BD00FC1E0D /* Environment.swift in Sources */ = {isa = PBXBuildFile; fileRef = BA46C56D234652BD00FC1E0D /* Environment.swift */; };
		BA46C587234652BD00FC1E0D /* Colors.txt in Resources */ = {isa = PBXBuildFile; fileRef = BA46C56F234652BD00FC1E0D /* Colors.txt */; };
		BA46C588234652BD00FC1E0D /* Localizable.strings in Resources */ = {isa = PBXBuildFile; fileRef = BA46C570234652BD00FC1E0D /* Localizable.strings */; };
		BA46C58A234652BD00FC1E0D /* Auth.storyboard in Resources */ = {isa = PBXBuildFile; fileRef = BA46C573234652BD00FC1E0D /* Auth.storyboard */; };
		BA46C58C234652BD00FC1E0D /* NPWebServiceClient.swift in Sources */ = {isa = PBXBuildFile; fileRef = BA46C578234652BD00FC1E0D /* NPWebServiceClient.swift */; };
		BA46C58D234652BD00FC1E0D /* NPRoute.swift in Sources */ = {isa = PBXBuildFile; fileRef = BA46C579234652BD00FC1E0D /* NPRoute.swift */; };
		BA84ED6D2346E63500804C26 /* JSONKeys.swift in Sources */ = {isa = PBXBuildFile; fileRef = BA84ED6C2346E63500804C26 /* JSONKeys.swift */; };
		BA8F5B0023465619009E266E /* Strings.swift in Sources */ = {isa = PBXBuildFile; fileRef = BA8F5AFC23465619009E266E /* Strings.swift */; };
		BA8F5B0123465619009E266E /* Images.swift in Sources */ = {isa = PBXBuildFile; fileRef = BA8F5AFD23465619009E266E /* Images.swift */; };
		BA8F5B0223465619009E266E /* Colors.swift in Sources */ = {isa = PBXBuildFile; fileRef = BA8F5AFE23465619009E266E /* Colors.swift */; };
		BA8F5B0323465619009E266E /* Storyboards.swift in Sources */ = {isa = PBXBuildFile; fileRef = BA8F5AFF23465619009E266E /* Storyboards.swift */; };
		BAA4C40A23465C8D00F7E420 /* AuthMapper.swift in Sources */ = {isa = PBXBuildFile; fileRef = BAA4C40423465C8D00F7E420 /* AuthMapper.swift */; };
		BAA4C40B23465C8D00F7E420 /* PostsMapper.swift in Sources */ = {isa = PBXBuildFile; fileRef = BAA4C40523465C8D00F7E420 /* PostsMapper.swift */; };
		BAA4C40C23465C8D00F7E420 /* StatusMapper.swift in Sources */ = {isa = PBXBuildFile; fileRef = BAA4C40623465C8D00F7E420 /* StatusMapper.swift */; };
		BAA4C40D23465C8D00F7E420 /* UserMapper.swift in Sources */ = {isa = PBXBuildFile; fileRef = BAA4C40723465C8D00F7E420 /* UserMapper.swift */; };
		BAA4C40E23465C8D00F7E420 /* PostMapper.swift in Sources */ = {isa = PBXBuildFile; fileRef = BAA4C40823465C8D00F7E420 /* PostMapper.swift */; };
		BAA4C40F23465C8D00F7E420 /* UsersMapper.swift in Sources */ = {isa = PBXBuildFile; fileRef = BAA4C40923465C8D00F7E420 /* UsersMapper.swift */; };
		BAA4C41623465C9500F7E420 /* Users.swift in Sources */ = {isa = PBXBuildFile; fileRef = BAA4C41023465C9500F7E420 /* Users.swift */; };
		BAA4C41723465C9500F7E420 /* Posts.swift in Sources */ = {isa = PBXBuildFile; fileRef = BAA4C41123465C9500F7E420 /* Posts.swift */; };
		BAA4C41823465C9500F7E420 /* Post.swift in Sources */ = {isa = PBXBuildFile; fileRef = BAA4C41223465C9500F7E420 /* Post.swift */; };
		BAA4C41923465C9500F7E420 /* Auth.swift in Sources */ = {isa = PBXBuildFile; fileRef = BAA4C41323465C9500F7E420 /* Auth.swift */; };
		BAA4C41A23465C9500F7E420 /* Status.swift in Sources */ = {isa = PBXBuildFile; fileRef = BAA4C41423465C9500F7E420 /* Status.swift */; };
		BAA4C41B23465C9500F7E420 /* User.swift in Sources */ = {isa = PBXBuildFile; fileRef = BAA4C41523465C9500F7E420 /* User.swift */; };
		BAA4C41E2346703D00F7E420 /* Fonts.swift in Sources */ = {isa = PBXBuildFile; fileRef = BAA4C41D2346703D00F7E420 /* Fonts.swift */; };
		BAA4C434234670F500F7E420 /* Prompt-ThinItalic.ttf in Resources */ = {isa = PBXBuildFile; fileRef = BAA4C421234670F500F7E420 /* Prompt-ThinItalic.ttf */; };
		BAA4C435234670F500F7E420 /* Prompt-BlackItalic.ttf in Resources */ = {isa = PBXBuildFile; fileRef = BAA4C422234670F500F7E420 /* Prompt-BlackItalic.ttf */; };
		BAA4C436234670F500F7E420 /* Prompt-ExtraLight.ttf in Resources */ = {isa = PBXBuildFile; fileRef = BAA4C423234670F500F7E420 /* Prompt-ExtraLight.ttf */; };
		BAA4C437234670F500F7E420 /* Prompt-MediumItalic.ttf in Resources */ = {isa = PBXBuildFile; fileRef = BAA4C424234670F500F7E420 /* Prompt-MediumItalic.ttf */; };
		BAA4C438234670F500F7E420 /* Prompt-BoldItalic.ttf in Resources */ = {isa = PBXBuildFile; fileRef = BAA4C425234670F500F7E420 /* Prompt-BoldItalic.ttf */; };
		BAA4C439234670F500F7E420 /* Prompt-Medium.ttf in Resources */ = {isa = PBXBuildFile; fileRef = BAA4C426234670F500F7E420 /* Prompt-Medium.ttf */; };
		BAA4C43A234670F500F7E420 /* Prompt-Light.ttf in Resources */ = {isa = PBXBuildFile; fileRef = BAA4C427234670F500F7E420 /* Prompt-Light.ttf */; };
		BAA4C43B234670F500F7E420 /* Prompt-ExtraBold.ttf in Resources */ = {isa = PBXBuildFile; fileRef = BAA4C428234670F500F7E420 /* Prompt-ExtraBold.ttf */; };
		BAA4C43C234670F500F7E420 /* Prompt-Thin.ttf in Resources */ = {isa = PBXBuildFile; fileRef = BAA4C429234670F500F7E420 /* Prompt-Thin.ttf */; };
		BAA4C43D234670F500F7E420 /* Prompt-LightItalic.ttf in Resources */ = {isa = PBXBuildFile; fileRef = BAA4C42A234670F500F7E420 /* Prompt-LightItalic.ttf */; };
		BAA4C43E234670F500F7E420 /* Prompt-Bold.ttf in Resources */ = {isa = PBXBuildFile; fileRef = BAA4C42B234670F500F7E420 /* Prompt-Bold.ttf */; };
		BAA4C43F234670F500F7E420 /* Prompt-SemiBold.ttf in Resources */ = {isa = PBXBuildFile; fileRef = BAA4C42C234670F500F7E420 /* Prompt-SemiBold.ttf */; };
		BAA4C440234670F500F7E420 /* Prompt-Regular.ttf in Resources */ = {isa = PBXBuildFile; fileRef = BAA4C42D234670F500F7E420 /* Prompt-Regular.ttf */; };
		BAA4C441234670F500F7E420 /* Prompt-ExtraLightItalic.ttf in Resources */ = {isa = PBXBuildFile; fileRef = BAA4C42E234670F500F7E420 /* Prompt-ExtraLightItalic.ttf */; };
		BAA4C442234670F500F7E420 /* Prompt-SemiBoldItalic.ttf in Resources */ = {isa = PBXBuildFile; fileRef = BAA4C42F234670F500F7E420 /* Prompt-SemiBoldItalic.ttf */; };
		BAA4C443234670F500F7E420 /* OFL.txt in Resources */ = {isa = PBXBuildFile; fileRef = BAA4C430234670F500F7E420 /* OFL.txt */; };
		BAA4C444234670F500F7E420 /* Prompt-ExtraBoldItalic.ttf in Resources */ = {isa = PBXBuildFile; fileRef = BAA4C431234670F500F7E420 /* Prompt-ExtraBoldItalic.ttf */; };
		BAA4C445234670F500F7E420 /* Prompt-Italic.ttf in Resources */ = {isa = PBXBuildFile; fileRef = BAA4C432234670F500F7E420 /* Prompt-Italic.ttf */; };
		BAA4C446234670F500F7E420 /* Prompt-Black.ttf in Resources */ = {isa = PBXBuildFile; fileRef = BAA4C433234670F500F7E420 /* Prompt-Black.ttf */; };
		BAA4C44A2346720D00F7E420 /* AuthVC.swift in Sources */ = {isa = PBXBuildFile; fileRef = BAA4C4492346720D00F7E420 /* AuthVC.swift */; };
		BAA4C44C23467EB900F7E420 /* SignInVC.swift in Sources */ = {isa = PBXBuildFile; fileRef = BAA4C44B23467EB900F7E420 /* SignInVC.swift */; };
		BAA4C44E23467EC900F7E420 /* SignUpVC.swift in Sources */ = {isa = PBXBuildFile; fileRef = BAA4C44D23467EC900F7E420 /* SignUpVC.swift */; };
		BAD30682234650CF002335CF /* NewspaperTests.swift in Sources */ = {isa = PBXBuildFile; fileRef = BAD30681234650CF002335CF /* NewspaperTests.swift */; };
		BAD3068D234650CF002335CF /* NewspaperUITests.swift in Sources */ = {isa = PBXBuildFile; fileRef = BAD3068C234650CF002335CF /* NewspaperUITests.swift */; };
/* End PBXBuildFile section */

/* Begin PBXContainerItemProxy section */
		BAD3067E234650CF002335CF /* PBXContainerItemProxy */ = {
			isa = PBXContainerItemProxy;
			containerPortal = BAD3065F234650CE002335CF /* Project object */;
			proxyType = 1;
			remoteGlobalIDString = BAD30666234650CE002335CF;
			remoteInfo = Newspaper;
		};
		BAD30689234650CF002335CF /* PBXContainerItemProxy */ = {
			isa = PBXContainerItemProxy;
			containerPortal = BAD3065F234650CE002335CF /* Project object */;
			proxyType = 1;
			remoteGlobalIDString = BAD30666234650CE002335CF;
			remoteInfo = Newspaper;
		};
/* End PBXContainerItemProxy section */

/* Begin PBXCopyFilesBuildPhase section */
		BA8F5AF92346553D009E266E /* CopyFiles */ = {
			isa = PBXCopyFilesBuildPhase;
			buildActionMask = 2147483647;
			dstPath = "";
			dstSubfolderSpec = 7;
			files = (
			);
			runOnlyForDeploymentPostprocessing = 0;
		};
/* End PBXCopyFilesBuildPhase section */

/* Begin PBXFileReference section */
		0CE11B07FF1C27B77230CADE /* Pods-Newspaper.debug.xcconfig */ = {isa = PBXFileReference; includeInIndex = 1; lastKnownFileType = text.xcconfig; name = "Pods-Newspaper.debug.xcconfig"; path = "Target Support Files/Pods-Newspaper/Pods-Newspaper.debug.xcconfig"; sourceTree = "<group>"; };
		439AFE84C9190A7AB9813D54 /* Pods-Newspaper.release.xcconfig */ = {isa = PBXFileReference; includeInIndex = 1; lastKnownFileType = text.xcconfig; name = "Pods-Newspaper.release.xcconfig"; path = "Target Support Files/Pods-Newspaper/Pods-Newspaper.release.xcconfig"; sourceTree = "<group>"; };
		7EBECEC3C728A459478304AA /* Pods_Newspaper.framework */ = {isa = PBXFileReference; explicitFileType = wrapper.framework; includeInIndex = 0; path = Pods_Newspaper.framework; sourceTree = BUILT_PRODUCTS_DIR; };
		BA22AA792347C2F900E77EE3 /* AppCoordinator.swift */ = {isa = PBXFileReference; lastKnownFileType = sourcecode.swift; path = AppCoordinator.swift; sourceTree = "<group>"; };
		BA22AA7B2347C33400E77EE3 /* Coordinator.swift */ = {isa = PBXFileReference; lastKnownFileType = sourcecode.swift; path = Coordinator.swift; sourceTree = "<group>"; };
		BA22AA7D2347C34F00E77EE3 /* Navigator.swift */ = {isa = PBXFileReference; lastKnownFileType = sourcecode.swift; path = Navigator.swift; sourceTree = "<group>"; };
		BA22AA7F2347C41E00E77EE3 /* AuthCoordinator.swift */ = {isa = PBXFileReference; lastKnownFileType = sourcecode.swift; path = AuthCoordinator.swift; sourceTree = "<group>"; };
		BA22AA812347D59200E77EE3 /* FeedCoordinator.swift */ = {isa = PBXFileReference; lastKnownFileType = sourcecode.swift; path = FeedCoordinator.swift; sourceTree = "<group>"; };
		BA22AA842347D5DA00E77EE3 /* Feed.storyboard */ = {isa = PBXFileReference; lastKnownFileType = file.storyboard; path = Feed.storyboard; sourceTree = "<group>"; };
		BA22AA862347D5EA00E77EE3 /* FeedVC.swift */ = {isa = PBXFileReference; lastKnownFileType = sourcecode.swift; path = FeedVC.swift; sourceTree = "<group>"; };
		BA22AA882347EA8C00E77EE3 /* RegisteredVC.swift */ = {isa = PBXFileReference; lastKnownFileType = sourcecode.swift; path = RegisteredVC.swift; sourceTree = "<group>"; };
		BA22AA8A2348C9AB00E77EE3 /* ProfileVC.swift */ = {isa = PBXFileReference; lastKnownFileType = sourcecode.swift; path = ProfileVC.swift; sourceTree = "<group>"; };
		BA22AA8C2348CADB00E77EE3 /* TabBarVC.swift */ = {isa = PBXFileReference; lastKnownFileType = sourcecode.swift; path = TabBarVC.swift; sourceTree = "<group>"; };
		BA22AA8E2348CFFF00E77EE3 /* FriendVC.swift */ = {isa = PBXFileReference; lastKnownFileType = sourcecode.swift; path = FriendVC.swift; sourceTree = "<group>"; };
		BA22AA912348D61200E77EE3 /* Roboto-Medium.ttf */ = {isa = PBXFileReference; lastKnownFileType = file; path = "Roboto-Medium.ttf"; sourceTree = "<group>"; };
		BA22AA922348D61200E77EE3 /* Roboto-Light.ttf */ = {isa = PBXFileReference; lastKnownFileType = file; path = "Roboto-Light.ttf"; sourceTree = "<group>"; };
		BA22AA932348D61200E77EE3 /* Roboto-Regular.ttf */ = {isa = PBXFileReference; lastKnownFileType = file; path = "Roboto-Regular.ttf"; sourceTree = "<group>"; };
		BA22AA942348D61200E77EE3 /* Roboto-MediumItalic.ttf */ = {isa = PBXFileReference; lastKnownFileType = file; path = "Roboto-MediumItalic.ttf"; sourceTree = "<group>"; };
		BA22AA952348D61200E77EE3 /* Roboto-ThinItalic.ttf */ = {isa = PBXFileReference; lastKnownFileType = file; path = "Roboto-ThinItalic.ttf"; sourceTree = "<group>"; };
		BA22AA962348D61200E77EE3 /* Roboto-BoldItalic.ttf */ = {isa = PBXFileReference; lastKnownFileType = file; path = "Roboto-BoldItalic.ttf"; sourceTree = "<group>"; };
		BA22AA972348D61200E77EE3 /* Roboto-LightItalic.ttf */ = {isa = PBXFileReference; lastKnownFileType = file; path = "Roboto-LightItalic.ttf"; sourceTree = "<group>"; };
		BA22AA982348D61200E77EE3 /* Roboto-Italic.ttf */ = {isa = PBXFileReference; lastKnownFileType = file; path = "Roboto-Italic.ttf"; sourceTree = "<group>"; };
		BA22AA992348D61200E77EE3 /* LICENSE.txt */ = {isa = PBXFileReference; fileEncoding = 4; lastKnownFileType = text; path = LICENSE.txt; sourceTree = "<group>"; };
		BA22AA9A2348D61200E77EE3 /* Roboto-BlackItalic.ttf */ = {isa = PBXFileReference; lastKnownFileType = file; path = "Roboto-BlackItalic.ttf"; sourceTree = "<group>"; };
		BA22AA9B2348D61200E77EE3 /* Roboto-Bold.ttf */ = {isa = PBXFileReference; lastKnownFileType = file; path = "Roboto-Bold.ttf"; sourceTree = "<group>"; };
		BA22AA9C2348D61200E77EE3 /* Roboto-Thin.ttf */ = {isa = PBXFileReference; lastKnownFileType = file; path = "Roboto-Thin.ttf"; sourceTree = "<group>"; };
		BA22AA9D2348D61200E77EE3 /* Roboto-Black.ttf */ = {isa = PBXFileReference; lastKnownFileType = file; path = "Roboto-Black.ttf"; sourceTree = "<group>"; };
		BA46C558234652BD00FC1E0D /* AppDelegate.swift */ = {isa = PBXFileReference; fileEncoding = 4; lastKnownFileType = sourcecode.swift; path = AppDelegate.swift; sourceTree = "<group>"; };
		BA46C55A234652BD00FC1E0D /* Assets.xcassets */ = {isa = PBXFileReference; lastKnownFileType = folder.assetcatalog; path = Assets.xcassets; sourceTree = "<group>"; };
		BA46C55C234652BD00FC1E0D /* Base */ = {isa = PBXFileReference; lastKnownFileType = file.storyboard; name = Base; path = Base.lproj/LaunchScreen.storyboard; sourceTree = "<group>"; };
		BA46C55F234652BD00FC1E0D /* Info.plist */ = {isa = PBXFileReference; fileEncoding = 4; lastKnownFileType = text.plist.xml; path = Info.plist; sourceTree = "<group>"; };
		BA46C561234652BD00FC1E0D /* ListTransform.swift */ = {isa = PBXFileReference; fileEncoding = 4; lastKnownFileType = sourcecode.swift; path = ListTransform.swift; sourceTree = "<group>"; };
		BA46C565234652BD00FC1E0D /* Realm.swift */ = {isa = PBXFileReference; fileEncoding = 4; lastKnownFileType = sourcecode.swift; path = Realm.swift; sourceTree = "<group>"; };
		BA46C567234652BD00FC1E0D /* Array+Utils.swift */ = {isa = PBXFileReference; fileEncoding = 4; lastKnownFileType = sourcecode.swift; path = "Array+Utils.swift"; sourceTree = "<group>"; };
		BA46C568234652BD00FC1E0D /* Sequence+Utils.swift */ = {isa = PBXFileReference; fileEncoding = 4; lastKnownFileType = sourcecode.swift; path = "Sequence+Utils.swift"; sourceTree = "<group>"; };
		BA46C56A234652BD00FC1E0D /* String+Utils.swift */ = {isa = PBXFileReference; fileEncoding = 4; lastKnownFileType = sourcecode.swift; path = "String+Utils.swift"; sourceTree = "<group>"; };
		BA46C56D234652BD00FC1E0D /* Environment.swift */ = {isa = PBXFileReference; fileEncoding = 4; lastKnownFileType = sourcecode.swift; path = Environment.swift; sourceTree = "<group>"; };
		BA46C56F234652BD00FC1E0D /* Colors.txt */ = {isa = PBXFileReference; fileEncoding = 4; lastKnownFileType = text; path = Colors.txt; sourceTree = "<group>"; };
		BA46C570234652BD00FC1E0D /* Localizable.strings */ = {isa = PBXFileReference; fileEncoding = 4; lastKnownFileType = text.plist.strings; path = Localizable.strings; sourceTree = "<group>"; };
		BA46C573234652BD00FC1E0D /* Auth.storyboard */ = {isa = PBXFileReference; fileEncoding = 4; lastKnownFileType = file.storyboard; path = Auth.storyboard; sourceTree = "<group>"; };
		BA46C578234652BD00FC1E0D /* NPWebServiceClient.swift */ = {isa = PBXFileReference; fileEncoding = 4; lastKnownFileType = sourcecode.swift; path = NPWebServiceClient.swift; sourceTree = "<group>"; };
		BA46C579234652BD00FC1E0D /* NPRoute.swift */ = {isa = PBXFileReference; fileEncoding = 4; lastKnownFileType = sourcecode.swift; path = NPRoute.swift; sourceTree = "<group>"; };
		BA84ED6C2346E63500804C26 /* JSONKeys.swift */ = {isa = PBXFileReference; lastKnownFileType = sourcecode.swift; path = JSONKeys.swift; sourceTree = "<group>"; };
		BA8F5AFC23465619009E266E /* Strings.swift */ = {isa = PBXFileReference; fileEncoding = 4; lastKnownFileType = sourcecode.swift; path = Strings.swift; sourceTree = "<group>"; };
		BA8F5AFD23465619009E266E /* Images.swift */ = {isa = PBXFileReference; fileEncoding = 4; lastKnownFileType = sourcecode.swift; path = Images.swift; sourceTree = "<group>"; };
		BA8F5AFE23465619009E266E /* Colors.swift */ = {isa = PBXFileReference; fileEncoding = 4; lastKnownFileType = sourcecode.swift; path = Colors.swift; sourceTree = "<group>"; };
		BA8F5AFF23465619009E266E /* Storyboards.swift */ = {isa = PBXFileReference; fileEncoding = 4; lastKnownFileType = sourcecode.swift; path = Storyboards.swift; sourceTree = "<group>"; };
		BAA4C40423465C8D00F7E420 /* AuthMapper.swift */ = {isa = PBXFileReference; fileEncoding = 4; lastKnownFileType = sourcecode.swift; path = AuthMapper.swift; sourceTree = "<group>"; };
		BAA4C40523465C8D00F7E420 /* PostsMapper.swift */ = {isa = PBXFileReference; fileEncoding = 4; lastKnownFileType = sourcecode.swift; path = PostsMapper.swift; sourceTree = "<group>"; };
		BAA4C40623465C8D00F7E420 /* StatusMapper.swift */ = {isa = PBXFileReference; fileEncoding = 4; lastKnownFileType = sourcecode.swift; path = StatusMapper.swift; sourceTree = "<group>"; };
		BAA4C40723465C8D00F7E420 /* UserMapper.swift */ = {isa = PBXFileReference; fileEncoding = 4; lastKnownFileType = sourcecode.swift; path = UserMapper.swift; sourceTree = "<group>"; };
		BAA4C40823465C8D00F7E420 /* PostMapper.swift */ = {isa = PBXFileReference; fileEncoding = 4; lastKnownFileType = sourcecode.swift; path = PostMapper.swift; sourceTree = "<group>"; };
		BAA4C40923465C8D00F7E420 /* UsersMapper.swift */ = {isa = PBXFileReference; fileEncoding = 4; lastKnownFileType = sourcecode.swift; path = UsersMapper.swift; sourceTree = "<group>"; };
		BAA4C41023465C9500F7E420 /* Users.swift */ = {isa = PBXFileReference; fileEncoding = 4; lastKnownFileType = sourcecode.swift; path = Users.swift; sourceTree = "<group>"; };
		BAA4C41123465C9500F7E420 /* Posts.swift */ = {isa = PBXFileReference; fileEncoding = 4; lastKnownFileType = sourcecode.swift; path = Posts.swift; sourceTree = "<group>"; };
		BAA4C41223465C9500F7E420 /* Post.swift */ = {isa = PBXFileReference; fileEncoding = 4; lastKnownFileType = sourcecode.swift; path = Post.swift; sourceTree = "<group>"; };
		BAA4C41323465C9500F7E420 /* Auth.swift */ = {isa = PBXFileReference; fileEncoding = 4; lastKnownFileType = sourcecode.swift; path = Auth.swift; sourceTree = "<group>"; };
		BAA4C41423465C9500F7E420 /* Status.swift */ = {isa = PBXFileReference; fileEncoding = 4; lastKnownFileType = sourcecode.swift; path = Status.swift; sourceTree = "<group>"; };
		BAA4C41523465C9500F7E420 /* User.swift */ = {isa = PBXFileReference; fileEncoding = 4; lastKnownFileType = sourcecode.swift; path = User.swift; sourceTree = "<group>"; };
		BAA4C41D2346703D00F7E420 /* Fonts.swift */ = {isa = PBXFileReference; fileEncoding = 4; lastKnownFileType = sourcecode.swift; path = Fonts.swift; sourceTree = "<group>"; };
		BAA4C421234670F500F7E420 /* Prompt-ThinItalic.ttf */ = {isa = PBXFileReference; lastKnownFileType = file; path = "Prompt-ThinItalic.ttf"; sourceTree = "<group>"; };
		BAA4C422234670F500F7E420 /* Prompt-BlackItalic.ttf */ = {isa = PBXFileReference; lastKnownFileType = file; path = "Prompt-BlackItalic.ttf"; sourceTree = "<group>"; };
		BAA4C423234670F500F7E420 /* Prompt-ExtraLight.ttf */ = {isa = PBXFileReference; lastKnownFileType = file; path = "Prompt-ExtraLight.ttf"; sourceTree = "<group>"; };
		BAA4C424234670F500F7E420 /* Prompt-MediumItalic.ttf */ = {isa = PBXFileReference; lastKnownFileType = file; path = "Prompt-MediumItalic.ttf"; sourceTree = "<group>"; };
		BAA4C425234670F500F7E420 /* Prompt-BoldItalic.ttf */ = {isa = PBXFileReference; lastKnownFileType = file; path = "Prompt-BoldItalic.ttf"; sourceTree = "<group>"; };
		BAA4C426234670F500F7E420 /* Prompt-Medium.ttf */ = {isa = PBXFileReference; lastKnownFileType = file; path = "Prompt-Medium.ttf"; sourceTree = "<group>"; };
		BAA4C427234670F500F7E420 /* Prompt-Light.ttf */ = {isa = PBXFileReference; lastKnownFileType = file; path = "Prompt-Light.ttf"; sourceTree = "<group>"; };
		BAA4C428234670F500F7E420 /* Prompt-ExtraBold.ttf */ = {isa = PBXFileReference; lastKnownFileType = file; path = "Prompt-ExtraBold.ttf"; sourceTree = "<group>"; };
		BAA4C429234670F500F7E420 /* Prompt-Thin.ttf */ = {isa = PBXFileReference; lastKnownFileType = file; path = "Prompt-Thin.ttf"; sourceTree = "<group>"; };
		BAA4C42A234670F500F7E420 /* Prompt-LightItalic.ttf */ = {isa = PBXFileReference; lastKnownFileType = file; path = "Prompt-LightItalic.ttf"; sourceTree = "<group>"; };
		BAA4C42B234670F500F7E420 /* Prompt-Bold.ttf */ = {isa = PBXFileReference; lastKnownFileType = file; path = "Prompt-Bold.ttf"; sourceTree = "<group>"; };
		BAA4C42C234670F500F7E420 /* Prompt-SemiBold.ttf */ = {isa = PBXFileReference; lastKnownFileType = file; path = "Prompt-SemiBold.ttf"; sourceTree = "<group>"; };
		BAA4C42D234670F500F7E420 /* Prompt-Regular.ttf */ = {isa = PBXFileReference; lastKnownFileType = file; path = "Prompt-Regular.ttf"; sourceTree = "<group>"; };
		BAA4C42E234670F500F7E420 /* Prompt-ExtraLightItalic.ttf */ = {isa = PBXFileReference; lastKnownFileType = file; path = "Prompt-ExtraLightItalic.ttf"; sourceTree = "<group>"; };
		BAA4C42F234670F500F7E420 /* Prompt-SemiBoldItalic.ttf */ = {isa = PBXFileReference; lastKnownFileType = file; path = "Prompt-SemiBoldItalic.ttf"; sourceTree = "<group>"; };
		BAA4C430234670F500F7E420 /* OFL.txt */ = {isa = PBXFileReference; fileEncoding = 4; lastKnownFileType = text; path = OFL.txt; sourceTree = "<group>"; };
		BAA4C431234670F500F7E420 /* Prompt-ExtraBoldItalic.ttf */ = {isa = PBXFileReference; lastKnownFileType = file; path = "Prompt-ExtraBoldItalic.ttf"; sourceTree = "<group>"; };
		BAA4C432234670F500F7E420 /* Prompt-Italic.ttf */ = {isa = PBXFileReference; lastKnownFileType = file; path = "Prompt-Italic.ttf"; sourceTree = "<group>"; };
		BAA4C433234670F500F7E420 /* Prompt-Black.ttf */ = {isa = PBXFileReference; lastKnownFileType = file; path = "Prompt-Black.ttf"; sourceTree = "<group>"; };
		BAA4C4492346720D00F7E420 /* AuthVC.swift */ = {isa = PBXFileReference; lastKnownFileType = sourcecode.swift; path = AuthVC.swift; sourceTree = "<group>"; };
		BAA4C44B23467EB900F7E420 /* SignInVC.swift */ = {isa = PBXFileReference; lastKnownFileType = sourcecode.swift; path = SignInVC.swift; sourceTree = "<group>"; };
		BAA4C44D23467EC900F7E420 /* SignUpVC.swift */ = {isa = PBXFileReference; lastKnownFileType = sourcecode.swift; path = SignUpVC.swift; sourceTree = "<group>"; };
		BAD30667234650CE002335CF /* Newspaper.app */ = {isa = PBXFileReference; explicitFileType = wrapper.application; includeInIndex = 0; path = Newspaper.app; sourceTree = BUILT_PRODUCTS_DIR; };
		BAD3067D234650CF002335CF /* NewspaperTests.xctest */ = {isa = PBXFileReference; explicitFileType = wrapper.cfbundle; includeInIndex = 0; path = NewspaperTests.xctest; sourceTree = BUILT_PRODUCTS_DIR; };
		BAD30681234650CF002335CF /* NewspaperTests.swift */ = {isa = PBXFileReference; lastKnownFileType = sourcecode.swift; path = NewspaperTests.swift; sourceTree = "<group>"; };
		BAD30683234650CF002335CF /* Info.plist */ = {isa = PBXFileReference; lastKnownFileType = text.plist.xml; path = Info.plist; sourceTree = "<group>"; };
		BAD30688234650CF002335CF /* NewspaperUITests.xctest */ = {isa = PBXFileReference; explicitFileType = wrapper.cfbundle; includeInIndex = 0; path = NewspaperUITests.xctest; sourceTree = BUILT_PRODUCTS_DIR; };
		BAD3068C234650CF002335CF /* NewspaperUITests.swift */ = {isa = PBXFileReference; lastKnownFileType = sourcecode.swift; path = NewspaperUITests.swift; sourceTree = "<group>"; };
		BAD3068E234650CF002335CF /* Info.plist */ = {isa = PBXFileReference; lastKnownFileType = text.plist.xml; path = Info.plist; sourceTree = "<group>"; };
/* End PBXFileReference section */

/* Begin PBXFrameworksBuildPhase section */
		BAD30664234650CE002335CF /* Frameworks */ = {
			isa = PBXFrameworksBuildPhase;
			buildActionMask = 2147483647;
			files = (
				36B88A64A73D813BA39DCBA5 /* Pods_Newspaper.framework in Frameworks */,
			);
			runOnlyForDeploymentPostprocessing = 0;
		};
		BAD3067A234650CF002335CF /* Frameworks */ = {
			isa = PBXFrameworksBuildPhase;
			buildActionMask = 2147483647;
			files = (
			);
			runOnlyForDeploymentPostprocessing = 0;
		};
		BAD30685234650CF002335CF /* Frameworks */ = {
			isa = PBXFrameworksBuildPhase;
			buildActionMask = 2147483647;
			files = (
			);
			runOnlyForDeploymentPostprocessing = 0;
		};
/* End PBXFrameworksBuildPhase section */

/* Begin PBXGroup section */
		9EA3157804B200431B9E4484 /* Frameworks */ = {
			isa = PBXGroup;
			children = (
				7EBECEC3C728A459478304AA /* Pods_Newspaper.framework */,
			);
			name = Frameworks;
			sourceTree = "<group>";
		};
		BA22AA782347C2D500E77EE3 /* Coordination */ = {
			isa = PBXGroup;
			children = (
				BA22AA792347C2F900E77EE3 /* AppCoordinator.swift */,
				BA22AA7B2347C33400E77EE3 /* Coordinator.swift */,
				BA22AA7D2347C34F00E77EE3 /* Navigator.swift */,
				BA22AA7F2347C41E00E77EE3 /* AuthCoordinator.swift */,
				BA22AA812347D59200E77EE3 /* FeedCoordinator.swift */,
			);
			path = Coordination;
			sourceTree = "<group>";
		};
		BA22AA832347D5C200E77EE3 /* Feed */ = {
			isa = PBXGroup;
			children = (
				BA22AA842347D5DA00E77EE3 /* Feed.storyboard */,
				BA22AA862347D5EA00E77EE3 /* FeedVC.swift */,
				BA22AA8A2348C9AB00E77EE3 /* ProfileVC.swift */,
				BA22AA8C2348CADB00E77EE3 /* TabBarVC.swift */,
				BA22AA8E2348CFFF00E77EE3 /* FriendVC.swift */,
			);
			path = Feed;
			sourceTree = "<group>";
		};
		BA22AA902348D61200E77EE3 /* Roboto */ = {
			isa = PBXGroup;
			children = (
				BA22AA912348D61200E77EE3 /* Roboto-Medium.ttf */,
				BA22AA922348D61200E77EE3 /* Roboto-Light.ttf */,
				BA22AA932348D61200E77EE3 /* Roboto-Regular.ttf */,
				BA22AA942348D61200E77EE3 /* Roboto-MediumItalic.ttf */,
				BA22AA952348D61200E77EE3 /* Roboto-ThinItalic.ttf */,
				BA22AA962348D61200E77EE3 /* Roboto-BoldItalic.ttf */,
				BA22AA972348D61200E77EE3 /* Roboto-LightItalic.ttf */,
				BA22AA982348D61200E77EE3 /* Roboto-Italic.ttf */,
				BA22AA992348D61200E77EE3 /* LICENSE.txt */,
				BA22AA9A2348D61200E77EE3 /* Roboto-BlackItalic.ttf */,
				BA22AA9B2348D61200E77EE3 /* Roboto-Bold.ttf */,
				BA22AA9C2348D61200E77EE3 /* Roboto-Thin.ttf */,
				BA22AA9D2348D61200E77EE3 /* Roboto-Black.ttf */,
			);
			path = Roboto;
			sourceTree = "<group>";
		};
		BA46C559234652BD00FC1E0D /* Ressources */ = {
			isa = PBXGroup;
			children = (
				BAA4C41F234670F500F7E420 /* Fonts */,
				BA46C55A234652BD00FC1E0D /* Assets.xcassets */,
				BA46C55B234652BD00FC1E0D /* LaunchScreen.storyboard */,
				BA46C55F234652BD00FC1E0D /* Info.plist */,
			);
			path = Ressources;
			sourceTree = "<group>";
		};
		BA46C560234652BD00FC1E0D /* Models */ = {
			isa = PBXGroup;
			children = (
				BA46C561234652BD00FC1E0D /* ListTransform.swift */,
				BA46C562234652BD00FC1E0D /* Mapper */,
				BA46C563234652BD00FC1E0D /* Realm */,
			);
			path = Models;
			sourceTree = "<group>";
		};
		BA46C562234652BD00FC1E0D /* Mapper */ = {
			isa = PBXGroup;
			children = (
				BAA4C40423465C8D00F7E420 /* AuthMapper.swift */,
				BAA4C40823465C8D00F7E420 /* PostMapper.swift */,
				BAA4C40523465C8D00F7E420 /* PostsMapper.swift */,
				BAA4C40623465C8D00F7E420 /* StatusMapper.swift */,
				BAA4C40723465C8D00F7E420 /* UserMapper.swift */,
				BAA4C40923465C8D00F7E420 /* UsersMapper.swift */,
			);
			path = Mapper;
			sourceTree = "<group>";
		};
		BA46C563234652BD00FC1E0D /* Realm */ = {
			isa = PBXGroup;
			children = (
				BAA4C41323465C9500F7E420 /* Auth.swift */,
				BAA4C41223465C9500F7E420 /* Post.swift */,
				BAA4C41123465C9500F7E420 /* Posts.swift */,
				BAA4C41423465C9500F7E420 /* Status.swift */,
				BAA4C41523465C9500F7E420 /* User.swift */,
				BAA4C41023465C9500F7E420 /* Users.swift */,
			);
			path = Realm;
			sourceTree = "<group>";
		};
		BA46C564234652BD00FC1E0D /* Extensions */ = {
			isa = PBXGroup;
			children = (
				BA46C565234652BD00FC1E0D /* Realm.swift */,
				BA46C567234652BD00FC1E0D /* Array+Utils.swift */,
				BA46C568234652BD00FC1E0D /* Sequence+Utils.swift */,
				BA46C56A234652BD00FC1E0D /* String+Utils.swift */,
			);
			path = Extensions;
			sourceTree = "<group>";
		};
		BA46C56B234652BD00FC1E0D /* Environments */ = {
			isa = PBXGroup;
			children = (
				BA46C56C234652BD00FC1E0D /* dev */,
			);
			path = Environments;
			sourceTree = "<group>";
		};
		BA46C56C234652BD00FC1E0D /* dev */ = {
			isa = PBXGroup;
			children = (
				BA46C56D234652BD00FC1E0D /* Environment.swift */,
			);
			path = dev;
			sourceTree = "<group>";
		};
		BA46C56E234652BD00FC1E0D /* Constants */ = {
			isa = PBXGroup;
			children = (
				BAA4C41D2346703D00F7E420 /* Fonts.swift */,
				BA8F5AFE23465619009E266E /* Colors.swift */,
				BA8F5AFD23465619009E266E /* Images.swift */,
				BA8F5AFF23465619009E266E /* Storyboards.swift */,
				BA8F5AFC23465619009E266E /* Strings.swift */,
				BA46C56F234652BD00FC1E0D /* Colors.txt */,
				BA46C570234652BD00FC1E0D /* Localizable.strings */,
			);
			path = Constants;
			sourceTree = "<group>";
		};
		BA46C571234652BD00FC1E0D /* Module */ = {
			isa = PBXGroup;
			children = (
				BA22AA832347D5C200E77EE3 /* Feed */,
				BAA4C41C23466A8E00F7E420 /* Auth */,
			);
			path = Module;
			sourceTree = "<group>";
		};
		BA46C574234652BD00FC1E0D /* Services */ = {
			isa = PBXGroup;
			children = (
				BA46C575234652BD00FC1E0D /* WebServices */,
			);
			path = Services;
			sourceTree = "<group>";
		};
		BA46C575234652BD00FC1E0D /* WebServices */ = {
			isa = PBXGroup;
			children = (
				BA46C576234652BD00FC1E0D /* Newspaper */,
			);
			path = WebServices;
			sourceTree = "<group>";
		};
		BA46C576234652BD00FC1E0D /* Newspaper */ = {
			isa = PBXGroup;
			children = (
				BA46C578234652BD00FC1E0D /* NPWebServiceClient.swift */,
				BA46C579234652BD00FC1E0D /* NPRoute.swift */,
				BA84ED6C2346E63500804C26 /* JSONKeys.swift */,
			);
			path = Newspaper;
			sourceTree = "<group>";
		};
		BAA4C41C23466A8E00F7E420 /* Auth */ = {
			isa = PBXGroup;
			children = (
				BA46C573234652BD00FC1E0D /* Auth.storyboard */,
				BAA4C4492346720D00F7E420 /* AuthVC.swift */,
				BAA4C44B23467EB900F7E420 /* SignInVC.swift */,
				BAA4C44D23467EC900F7E420 /* SignUpVC.swift */,
				BA22AA882347EA8C00E77EE3 /* RegisteredVC.swift */,
			);
			path = Auth;
			sourceTree = "<group>";
		};
		BAA4C41F234670F500F7E420 /* Fonts */ = {
			isa = PBXGroup;
			children = (
				BA22AA902348D61200E77EE3 /* Roboto */,
				BAA4C420234670F500F7E420 /* Prompt */,
			);
			path = Fonts;
			sourceTree = "<group>";
		};
		BAA4C420234670F500F7E420 /* Prompt */ = {
			isa = PBXGroup;
			children = (
				BAA4C421234670F500F7E420 /* Prompt-ThinItalic.ttf */,
				BAA4C422234670F500F7E420 /* Prompt-BlackItalic.ttf */,
				BAA4C423234670F500F7E420 /* Prompt-ExtraLight.ttf */,
				BAA4C424234670F500F7E420 /* Prompt-MediumItalic.ttf */,
				BAA4C425234670F500F7E420 /* Prompt-BoldItalic.ttf */,
				BAA4C426234670F500F7E420 /* Prompt-Medium.ttf */,
				BAA4C427234670F500F7E420 /* Prompt-Light.ttf */,
				BAA4C428234670F500F7E420 /* Prompt-ExtraBold.ttf */,
				BAA4C429234670F500F7E420 /* Prompt-Thin.ttf */,
				BAA4C42A234670F500F7E420 /* Prompt-LightItalic.ttf */,
				BAA4C42B234670F500F7E420 /* Prompt-Bold.ttf */,
				BAA4C42C234670F500F7E420 /* Prompt-SemiBold.ttf */,
				BAA4C42D234670F500F7E420 /* Prompt-Regular.ttf */,
				BAA4C42E234670F500F7E420 /* Prompt-ExtraLightItalic.ttf */,
				BAA4C42F234670F500F7E420 /* Prompt-SemiBoldItalic.ttf */,
				BAA4C430234670F500F7E420 /* OFL.txt */,
				BAA4C431234670F500F7E420 /* Prompt-ExtraBoldItalic.ttf */,
				BAA4C432234670F500F7E420 /* Prompt-Italic.ttf */,
				BAA4C433234670F500F7E420 /* Prompt-Black.ttf */,
			);
			path = Prompt;
			sourceTree = "<group>";
		};
		BAD3065E234650CE002335CF = {
			isa = PBXGroup;
			children = (
				BAD30669234650CE002335CF /* Newspaper */,
				BAD30680234650CF002335CF /* NewspaperTests */,
				BAD3068B234650CF002335CF /* NewspaperUITests */,
				BAD30668234650CE002335CF /* Products */,
				BE5C15420A3F0CFAEF04E207 /* Pods */,
				9EA3157804B200431B9E4484 /* Frameworks */,
			);
			sourceTree = "<group>";
		};
		BAD30668234650CE002335CF /* Products */ = {
			isa = PBXGroup;
			children = (
				BAD30667234650CE002335CF /* Newspaper.app */,
				BAD3067D234650CF002335CF /* NewspaperTests.xctest */,
				BAD30688234650CF002335CF /* NewspaperUITests.xctest */,
			);
			name = Products;
			sourceTree = "<group>";
		};
		BAD30669234650CE002335CF /* Newspaper */ = {
			isa = PBXGroup;
			children = (
				BA46C558234652BD00FC1E0D /* AppDelegate.swift */,
				BA22AA782347C2D500E77EE3 /* Coordination */,
				BA46C56E234652BD00FC1E0D /* Constants */,
				BA46C56B234652BD00FC1E0D /* Environments */,
				BA46C564234652BD00FC1E0D /* Extensions */,
				BA46C560234652BD00FC1E0D /* Models */,
				BA46C571234652BD00FC1E0D /* Module */,
				BA46C559234652BD00FC1E0D /* Ressources */,
				BA46C574234652BD00FC1E0D /* Services */,
			);
			path = Newspaper;
			sourceTree = "<group>";
		};
		BAD30680234650CF002335CF /* NewspaperTests */ = {
			isa = PBXGroup;
			children = (
				BAD30681234650CF002335CF /* NewspaperTests.swift */,
				BAD30683234650CF002335CF /* Info.plist */,
			);
			path = NewspaperTests;
			sourceTree = "<group>";
		};
		BAD3068B234650CF002335CF /* NewspaperUITests */ = {
			isa = PBXGroup;
			children = (
				BAD3068C234650CF002335CF /* NewspaperUITests.swift */,
				BAD3068E234650CF002335CF /* Info.plist */,
			);
			path = NewspaperUITests;
			sourceTree = "<group>";
		};
		BE5C15420A3F0CFAEF04E207 /* Pods */ = {
			isa = PBXGroup;
			children = (
				0CE11B07FF1C27B77230CADE /* Pods-Newspaper.debug.xcconfig */,
				439AFE84C9190A7AB9813D54 /* Pods-Newspaper.release.xcconfig */,
			);
			path = Pods;
			sourceTree = "<group>";
		};
/* End PBXGroup section */

/* Begin PBXNativeTarget section */
		BAD30666234650CE002335CF /* Newspaper */ = {
			isa = PBXNativeTarget;
			buildConfigurationList = BAD30691234650CF002335CF /* Build configuration list for PBXNativeTarget "Newspaper" */;
			buildPhases = (
				3C3367089BDFEE14BE91E678 /* [CP] Check Pods Manifest.lock */,
				BAD30663234650CE002335CF /* Sources */,
				BA8F5AFA23465571009E266E /* SwiftGen */,
				BAD30664234650CE002335CF /* Frameworks */,
				BAD30665234650CE002335CF /* Resources */,
				661C646F56C7DBE4AECE0A69 /* [CP] Embed Pods Frameworks */,
				BA8F5AF92346553D009E266E /* CopyFiles */,
				BA8F5AFB2346558F009E266E /* SwiftLint */,
			);
			buildRules = (
			);
			dependencies = (
			);
			name = Newspaper;
			productName = Newspaper;
			productReference = BAD30667234650CE002335CF /* Newspaper.app */;
			productType = "com.apple.product-type.application";
		};
		BAD3067C234650CF002335CF /* NewspaperTests */ = {
			isa = PBXNativeTarget;
			buildConfigurationList = BAD30694234650CF002335CF /* Build configuration list for PBXNativeTarget "NewspaperTests" */;
			buildPhases = (
				BAD30679234650CF002335CF /* Sources */,
				BAD3067A234650CF002335CF /* Frameworks */,
				BAD3067B234650CF002335CF /* Resources */,
			);
			buildRules = (
			);
			dependencies = (
				BAD3067F234650CF002335CF /* PBXTargetDependency */,
			);
			name = NewspaperTests;
			productName = NewspaperTests;
			productReference = BAD3067D234650CF002335CF /* NewspaperTests.xctest */;
			productType = "com.apple.product-type.bundle.unit-test";
		};
		BAD30687234650CF002335CF /* NewspaperUITests */ = {
			isa = PBXNativeTarget;
			buildConfigurationList = BAD30697234650CF002335CF /* Build configuration list for PBXNativeTarget "NewspaperUITests" */;
			buildPhases = (
				BAD30684234650CF002335CF /* Sources */,
				BAD30685234650CF002335CF /* Frameworks */,
				BAD30686234650CF002335CF /* Resources */,
			);
			buildRules = (
			);
			dependencies = (
				BAD3068A234650CF002335CF /* PBXTargetDependency */,
			);
			name = NewspaperUITests;
			productName = NewspaperUITests;
			productReference = BAD30688234650CF002335CF /* NewspaperUITests.xctest */;
			productType = "com.apple.product-type.bundle.ui-testing";
		};
/* End PBXNativeTarget section */

/* Begin PBXProject section */
		BAD3065F234650CE002335CF /* Project object */ = {
			isa = PBXProject;
			attributes = {
				LastSwiftUpdateCheck = 1100;
				LastUpgradeCheck = 1100;
				ORGANIZATIONNAME = azerty;
				TargetAttributes = {
					BAD30666234650CE002335CF = {
						CreatedOnToolsVersion = 11.0;
						LastSwiftMigration = 1100;
					};
					BAD3067C234650CF002335CF = {
						CreatedOnToolsVersion = 11.0;
						TestTargetID = BAD30666234650CE002335CF;
					};
					BAD30687234650CF002335CF = {
						CreatedOnToolsVersion = 11.0;
						TestTargetID = BAD30666234650CE002335CF;
					};
				};
			};
			buildConfigurationList = BAD30662234650CE002335CF /* Build configuration list for PBXProject "Newspaper" */;
			compatibilityVersion = "Xcode 9.3";
			developmentRegion = en;
			hasScannedForEncodings = 0;
			knownRegions = (
				en,
				Base,
			);
			mainGroup = BAD3065E234650CE002335CF;
			productRefGroup = BAD30668234650CE002335CF /* Products */;
			projectDirPath = "";
			projectRoot = "";
			targets = (
				BAD30666234650CE002335CF /* Newspaper */,
				BAD3067C234650CF002335CF /* NewspaperTests */,
				BAD30687234650CF002335CF /* NewspaperUITests */,
			);
		};
/* End PBXProject section */

/* Begin PBXResourcesBuildPhase section */
		BAD30665234650CE002335CF /* Resources */ = {
			isa = PBXResourcesBuildPhase;
			buildActionMask = 2147483647;
			files = (
				BA22AAA62348D61200E77EE3 /* LICENSE.txt in Resources */,
				BA22AAA22348D61200E77EE3 /* Roboto-ThinItalic.ttf in Resources */,
				BA22AA9E2348D61200E77EE3 /* Roboto-Medium.ttf in Resources */,
				BA22AAA42348D61200E77EE3 /* Roboto-LightItalic.ttf in Resources */,
				BAA4C445234670F500F7E420 /* Prompt-Italic.ttf in Resources */,
				BA22AAA32348D61200E77EE3 /* Roboto-BoldItalic.ttf in Resources */,
				BAA4C444234670F500F7E420 /* Prompt-ExtraBoldItalic.ttf in Resources */,
				BAA4C443234670F500F7E420 /* OFL.txt in Resources */,
				BA46C58A234652BD00FC1E0D /* Auth.storyboard in Resources */,
				BAA4C434234670F500F7E420 /* Prompt-ThinItalic.ttf in Resources */,
				BA46C588234652BD00FC1E0D /* Localizable.strings in Resources */,
				BAA4C435234670F500F7E420 /* Prompt-BlackItalic.ttf in Resources */,
				BA22AA9F2348D61200E77EE3 /* Roboto-Light.ttf in Resources */,
				BAA4C436234670F500F7E420 /* Prompt-ExtraLight.ttf in Resources */,
				BA22AAA82348D61200E77EE3 /* Roboto-Bold.ttf in Resources */,
				BAA4C442234670F500F7E420 /* Prompt-SemiBoldItalic.ttf in Resources */,
				BAA4C43C234670F500F7E420 /* Prompt-Thin.ttf in Resources */,
				BAA4C439234670F500F7E420 /* Prompt-Medium.ttf in Resources */,
				BA22AAA72348D61200E77EE3 /* Roboto-BlackItalic.ttf in Resources */,
				BAA4C438234670F500F7E420 /* Prompt-BoldItalic.ttf in Resources */,
				BAA4C43A234670F500F7E420 /* Prompt-Light.ttf in Resources */,
				BAA4C43B234670F500F7E420 /* Prompt-ExtraBold.ttf in Resources */,
				BAA4C43F234670F500F7E420 /* Prompt-SemiBold.ttf in Resources */,
				BAA4C441234670F500F7E420 /* Prompt-ExtraLightItalic.ttf in Resources */,
				BA22AAA12348D61200E77EE3 /* Roboto-MediumItalic.ttf in Resources */,
				BAA4C446234670F500F7E420 /* Prompt-Black.ttf in Resources */,
				BA46C57B234652BD00FC1E0D /* Assets.xcassets in Resources */,
				BAA4C43E234670F500F7E420 /* Prompt-Bold.ttf in Resources */,
				BAA4C437234670F500F7E420 /* Prompt-MediumItalic.ttf in Resources */,
				BA22AAA02348D61200E77EE3 /* Roboto-Regular.ttf in Resources */,
				BA22AA852347D5DA00E77EE3 /* Feed.storyboard in Resources */,
				BA46C587234652BD00FC1E0D /* Colors.txt in Resources */,
				BAA4C440234670F500F7E420 /* Prompt-Regular.ttf in Resources */,
				BA22AAAA2348D61200E77EE3 /* Roboto-Black.ttf in Resources */,
				BAA4C43D234670F500F7E420 /* Prompt-LightItalic.ttf in Resources */,
				BA22AAA52348D61200E77EE3 /* Roboto-Italic.ttf in Resources */,
				BA22AAA92348D61200E77EE3 /* Roboto-Thin.ttf in Resources */,
				BA46C57C234652BD00FC1E0D /* LaunchScreen.storyboard in Resources */,
			);
			runOnlyForDeploymentPostprocessing = 0;
		};
		BAD3067B234650CF002335CF /* Resources */ = {
			isa = PBXResourcesBuildPhase;
			buildActionMask = 2147483647;
			files = (
			);
			runOnlyForDeploymentPostprocessing = 0;
		};
		BAD30686234650CF002335CF /* Resources */ = {
			isa = PBXResourcesBuildPhase;
			buildActionMask = 2147483647;
			files = (
			);
			runOnlyForDeploymentPostprocessing = 0;
		};
/* End PBXResourcesBuildPhase section */

/* Begin PBXShellScriptBuildPhase section */
		3C3367089BDFEE14BE91E678 /* [CP] Check Pods Manifest.lock */ = {
			isa = PBXShellScriptBuildPhase;
			buildActionMask = 2147483647;
			files = (
			);
			inputFileListPaths = (
			);
			inputPaths = (
				"${PODS_PODFILE_DIR_PATH}/Podfile.lock",
				"${PODS_ROOT}/Manifest.lock",
			);
			name = "[CP] Check Pods Manifest.lock";
			outputFileListPaths = (
			);
			outputPaths = (
				"$(DERIVED_FILE_DIR)/Pods-Newspaper-checkManifestLockResult.txt",
			);
			runOnlyForDeploymentPostprocessing = 0;
			shellPath = /bin/sh;
			shellScript = "diff \"${PODS_PODFILE_DIR_PATH}/Podfile.lock\" \"${PODS_ROOT}/Manifest.lock\" > /dev/null\nif [ $? != 0 ] ; then\n    # print error to STDERR\n    echo \"error: The sandbox is not in sync with the Podfile.lock. Run 'pod install' or update your CocoaPods installation.\" >&2\n    exit 1\nfi\n# This output is used by Xcode 'outputs' to avoid re-running this script phase.\necho \"SUCCESS\" > \"${SCRIPT_OUTPUT_FILE_0}\"\n";
			showEnvVarsInLog = 0;
		};
		661C646F56C7DBE4AECE0A69 /* [CP] Embed Pods Frameworks */ = {
			isa = PBXShellScriptBuildPhase;
			buildActionMask = 2147483647;
			files = (
			);
			inputFileListPaths = (
				"${PODS_ROOT}/Target Support Files/Pods-Newspaper/Pods-Newspaper-frameworks-${CONFIGURATION}-input-files.xcfilelist",
			);
			name = "[CP] Embed Pods Frameworks";
			outputFileListPaths = (
				"${PODS_ROOT}/Target Support Files/Pods-Newspaper/Pods-Newspaper-frameworks-${CONFIGURATION}-output-files.xcfilelist",
			);
			runOnlyForDeploymentPostprocessing = 0;
			shellPath = /bin/sh;
			shellScript = "\"${PODS_ROOT}/Target Support Files/Pods-Newspaper/Pods-Newspaper-frameworks.sh\"\n";
			showEnvVarsInLog = 0;
		};
		BA8F5AFA23465571009E266E /* SwiftGen */ = {
			isa = PBXShellScriptBuildPhase;
			buildActionMask = 2147483647;
			files = (
			);
			inputFileListPaths = (
			);
			inputPaths = (
			);
			name = SwiftGen;
			outputFileListPaths = (
			);
			outputPaths = (
			);
			runOnlyForDeploymentPostprocessing = 0;
			shellPath = /bin/sh;
			shellScript = "SRCDIR=\"$PROJECT_DIR/Newspaper\"\n$PODS_ROOT/SwiftGen/bin/swiftgen storyboards -t scenes-swift4 \"$SRCDIR\" --output \"$SRCDIR/Constants/Storyboards.swift\"\n$PODS_ROOT/SwiftGen/bin/swiftgen xcassets -t swift4 \"$SRCDIR/Ressources/Assets.xcassets\" --output \"$SRCDIR/Constants/Images.swift\"\n$PODS_ROOT/SwiftGen/bin/swiftgen strings -t structured-swift4 \"$SRCDIR/Constants/Localizable.strings\" --output \"$SRCDIR/Constants/Strings.swift\"\n$PODS_ROOT/SwiftGen/bin/swiftgen colors -t swift4 \"$SRCDIR/Constants/Colors.txt\" --output \"$SRCDIR/Constants/Colors.swift\"\n$PODS_ROOT/SwiftGen/bin/swiftgen fonts -t swift4 \"$SRCDIR/Ressources/Fonts\" --output \"$SRCDIR/Constants/Fonts.swift\"\n";
		};
		BA8F5AFB2346558F009E266E /* SwiftLint */ = {
			isa = PBXShellScriptBuildPhase;
			buildActionMask = 2147483647;
			files = (
			);
			inputFileListPaths = (
			);
			inputPaths = (
			);
			name = SwiftLint;
			outputFileListPaths = (
			);
			outputPaths = (
			);
			runOnlyForDeploymentPostprocessing = 0;
			shellPath = /bin/sh;
			shellScript = "${PODS_ROOT}/SwiftLint/swiftlint\n";
		};
/* End PBXShellScriptBuildPhase section */

/* Begin PBXSourcesBuildPhase section */
		BAD30663234650CE002335CF /* Sources */ = {
			isa = PBXSourcesBuildPhase;
			buildActionMask = 2147483647;
			files = (
				BA46C585234652BD00FC1E0D /* String+Utils.swift in Sources */,
				BA22AA7E2347C34F00E77EE3 /* Navigator.swift in Sources */,
				BA22AA892347EA8C00E77EE3 /* RegisteredVC.swift in Sources */,
				BA8F5B0123465619009E266E /* Images.swift in Sources */,
				BAA4C40B23465C8D00F7E420 /* PostsMapper.swift in Sources */,
				BAA4C41823465C9500F7E420 /* Post.swift in Sources */,
				BAA4C40A23465C8D00F7E420 /* AuthMapper.swift in Sources */,
				BAA4C41B23465C9500F7E420 /* User.swift in Sources */,
				BAA4C41923465C9500F7E420 /* Auth.swift in Sources */,
				BA84ED6D2346E63500804C26 /* JSONKeys.swift in Sources */,
				BA8F5B0023465619009E266E /* Strings.swift in Sources */,
				BA22AA872347D5EA00E77EE3 /* FeedVC.swift in Sources */,
				BA22AA822347D59200E77EE3 /* FeedCoordinator.swift in Sources */,
				BAA4C41723465C9500F7E420 /* Posts.swift in Sources */,
				BA46C57F234652BD00FC1E0D /* ListTransform.swift in Sources */,
				BAA4C41A23465C9500F7E420 /* Status.swift in Sources */,
				BAA4C40E23465C8D00F7E420 /* PostMapper.swift in Sources */,
				BAA4C40D23465C8D00F7E420 /* UserMapper.swift in Sources */,
				BA46C57A234652BD00FC1E0D /* AppDelegate.swift in Sources */,
				BAA4C41623465C9500F7E420 /* Users.swift in Sources */,
				BAA4C40C23465C8D00F7E420 /* StatusMapper.swift in Sources */,
				BA22AA7C2347C33400E77EE3 /* Coordinator.swift in Sources */,
				BA22AA8B2348C9AB00E77EE3 /* ProfileVC.swift in Sources */,
				BAA4C40F23465C8D00F7E420 /* UsersMapper.swift in Sources */,
				BA46C583234652BD00FC1E0D /* Sequence+Utils.swift in Sources */,
				BAA4C44C23467EB900F7E420 /* SignInVC.swift in Sources */,
				BA22AA8F2348CFFF00E77EE3 /* FriendVC.swift in Sources */,
				BA22AA7A2347C2F900E77EE3 /* AppCoordinator.swift in Sources */,
				BAA4C44A2346720D00F7E420 /* AuthVC.swift in Sources */,
				BA8F5B0323465619009E266E /* Storyboards.swift in Sources */,
				BA22AA802347C41E00E77EE3 /* AuthCoordinator.swift in Sources */,
				BAA4C44E23467EC900F7E420 /* SignUpVC.swift in Sources */,
				BA46C58D234652BD00FC1E0D /* NPRoute.swift in Sources */,
				BA8F5B0223465619009E266E /* Colors.swift in Sources */,
				BA46C586234652BD00FC1E0D /* Environment.swift in Sources */,
				BA22AA8D2348CADB00E77EE3 /* TabBarVC.swift in Sources */,
				BA46C58C234652BD00FC1E0D /* NPWebServiceClient.swift in Sources */,
				BA46C580234652BD00FC1E0D /* Realm.swift in Sources */,
				BAA4C41E2346703D00F7E420 /* Fonts.swift in Sources */,
				BA46C582234652BD00FC1E0D /* Array+Utils.swift in Sources */,
			);
			runOnlyForDeploymentPostprocessing = 0;
		};
		BAD30679234650CF002335CF /* Sources */ = {
			isa = PBXSourcesBuildPhase;
			buildActionMask = 2147483647;
			files = (
				BAD30682234650CF002335CF /* NewspaperTests.swift in Sources */,
			);
			runOnlyForDeploymentPostprocessing = 0;
		};
		BAD30684234650CF002335CF /* Sources */ = {
			isa = PBXSourcesBuildPhase;
			buildActionMask = 2147483647;
			files = (
				BAD3068D234650CF002335CF /* NewspaperUITests.swift in Sources */,
			);
			runOnlyForDeploymentPostprocessing = 0;
		};
/* End PBXSourcesBuildPhase section */

/* Begin PBXTargetDependency section */
		BAD3067F234650CF002335CF /* PBXTargetDependency */ = {
			isa = PBXTargetDependency;
			target = BAD30666234650CE002335CF /* Newspaper */;
			targetProxy = BAD3067E234650CF002335CF /* PBXContainerItemProxy */;
		};
		BAD3068A234650CF002335CF /* PBXTargetDependency */ = {
			isa = PBXTargetDependency;
			target = BAD30666234650CE002335CF /* Newspaper */;
			targetProxy = BAD30689234650CF002335CF /* PBXContainerItemProxy */;
		};
/* End PBXTargetDependency section */

/* Begin PBXVariantGroup section */
		BA46C55B234652BD00FC1E0D /* LaunchScreen.storyboard */ = {
			isa = PBXVariantGroup;
			children = (
				BA46C55C234652BD00FC1E0D /* Base */,
			);
			name = LaunchScreen.storyboard;
			sourceTree = "<group>";
		};
/* End PBXVariantGroup section */

/* Begin XCBuildConfiguration section */
		BAD3068F234650CF002335CF /* Debug */ = {
			isa = XCBuildConfiguration;
			buildSettings = {
				ALWAYS_SEARCH_USER_PATHS = NO;
				CLANG_ANALYZER_NONNULL = YES;
				CLANG_ANALYZER_NUMBER_OBJECT_CONVERSION = YES_AGGRESSIVE;
				CLANG_CXX_LANGUAGE_STANDARD = "gnu++14";
				CLANG_CXX_LIBRARY = "libc++";
				CLANG_ENABLE_MODULES = YES;
				CLANG_ENABLE_OBJC_ARC = YES;
				CLANG_ENABLE_OBJC_WEAK = YES;
				CLANG_WARN_BLOCK_CAPTURE_AUTORELEASING = YES;
				CLANG_WARN_BOOL_CONVERSION = YES;
				CLANG_WARN_COMMA = YES;
				CLANG_WARN_CONSTANT_CONVERSION = YES;
				CLANG_WARN_DEPRECATED_OBJC_IMPLEMENTATIONS = YES;
				CLANG_WARN_DIRECT_OBJC_ISA_USAGE = YES_ERROR;
				CLANG_WARN_DOCUMENTATION_COMMENTS = YES;
				CLANG_WARN_EMPTY_BODY = YES;
				CLANG_WARN_ENUM_CONVERSION = YES;
				CLANG_WARN_INFINITE_RECURSION = YES;
				CLANG_WARN_INT_CONVERSION = YES;
				CLANG_WARN_NON_LITERAL_NULL_CONVERSION = YES;
				CLANG_WARN_OBJC_IMPLICIT_RETAIN_SELF = YES;
				CLANG_WARN_OBJC_LITERAL_CONVERSION = YES;
				CLANG_WARN_OBJC_ROOT_CLASS = YES_ERROR;
				CLANG_WARN_RANGE_LOOP_ANALYSIS = YES;
				CLANG_WARN_STRICT_PROTOTYPES = YES;
				CLANG_WARN_SUSPICIOUS_MOVE = YES;
				CLANG_WARN_UNGUARDED_AVAILABILITY = YES_AGGRESSIVE;
				CLANG_WARN_UNREACHABLE_CODE = YES;
				CLANG_WARN__DUPLICATE_METHOD_MATCH = YES;
				COPY_PHASE_STRIP = NO;
				DEBUG_INFORMATION_FORMAT = dwarf;
				ENABLE_STRICT_OBJC_MSGSEND = YES;
				ENABLE_TESTABILITY = YES;
				GCC_C_LANGUAGE_STANDARD = gnu11;
				GCC_DYNAMIC_NO_PIC = NO;
				GCC_NO_COMMON_BLOCKS = YES;
				GCC_OPTIMIZATION_LEVEL = 0;
				GCC_PREPROCESSOR_DEFINITIONS = (
					"DEBUG=1",
					"$(inherited)",
				);
				GCC_WARN_64_TO_32_BIT_CONVERSION = YES;
				GCC_WARN_ABOUT_RETURN_TYPE = YES_ERROR;
				GCC_WARN_UNDECLARED_SELECTOR = YES;
				GCC_WARN_UNINITIALIZED_AUTOS = YES_AGGRESSIVE;
				GCC_WARN_UNUSED_FUNCTION = YES;
				GCC_WARN_UNUSED_VARIABLE = YES;
				INFOPLIST_FILE = "";
				IPHONEOS_DEPLOYMENT_TARGET = 13.0;
				MTL_ENABLE_DEBUG_INFO = INCLUDE_SOURCE;
				MTL_FAST_MATH = YES;
				ONLY_ACTIVE_ARCH = YES;
				SDKROOT = iphoneos;
				SWIFT_ACTIVE_COMPILATION_CONDITIONS = DEBUG;
				SWIFT_OPTIMIZATION_LEVEL = "-Onone";
			};
			name = Debug;
		};
		BAD30690234650CF002335CF /* Release */ = {
			isa = XCBuildConfiguration;
			buildSettings = {
				ALWAYS_SEARCH_USER_PATHS = NO;
				CLANG_ANALYZER_NONNULL = YES;
				CLANG_ANALYZER_NUMBER_OBJECT_CONVERSION = YES_AGGRESSIVE;
				CLANG_CXX_LANGUAGE_STANDARD = "gnu++14";
				CLANG_CXX_LIBRARY = "libc++";
				CLANG_ENABLE_MODULES = YES;
				CLANG_ENABLE_OBJC_ARC = YES;
				CLANG_ENABLE_OBJC_WEAK = YES;
				CLANG_WARN_BLOCK_CAPTURE_AUTORELEASING = YES;
				CLANG_WARN_BOOL_CONVERSION = YES;
				CLANG_WARN_COMMA = YES;
				CLANG_WARN_CONSTANT_CONVERSION = YES;
				CLANG_WARN_DEPRECATED_OBJC_IMPLEMENTATIONS = YES;
				CLANG_WARN_DIRECT_OBJC_ISA_USAGE = YES_ERROR;
				CLANG_WARN_DOCUMENTATION_COMMENTS = YES;
				CLANG_WARN_EMPTY_BODY = YES;
				CLANG_WARN_ENUM_CONVERSION = YES;
				CLANG_WARN_INFINITE_RECURSION = YES;
				CLANG_WARN_INT_CONVERSION = YES;
				CLANG_WARN_NON_LITERAL_NULL_CONVERSION = YES;
				CLANG_WARN_OBJC_IMPLICIT_RETAIN_SELF = YES;
				CLANG_WARN_OBJC_LITERAL_CONVERSION = YES;
				CLANG_WARN_OBJC_ROOT_CLASS = YES_ERROR;
				CLANG_WARN_RANGE_LOOP_ANALYSIS = YES;
				CLANG_WARN_STRICT_PROTOTYPES = YES;
				CLANG_WARN_SUSPICIOUS_MOVE = YES;
				CLANG_WARN_UNGUARDED_AVAILABILITY = YES_AGGRESSIVE;
				CLANG_WARN_UNREACHABLE_CODE = YES;
				CLANG_WARN__DUPLICATE_METHOD_MATCH = YES;
				COPY_PHASE_STRIP = NO;
				DEBUG_INFORMATION_FORMAT = "dwarf-with-dsym";
				ENABLE_NS_ASSERTIONS = NO;
				ENABLE_STRICT_OBJC_MSGSEND = YES;
				GCC_C_LANGUAGE_STANDARD = gnu11;
				GCC_NO_COMMON_BLOCKS = YES;
				GCC_WARN_64_TO_32_BIT_CONVERSION = YES;
				GCC_WARN_ABOUT_RETURN_TYPE = YES_ERROR;
				GCC_WARN_UNDECLARED_SELECTOR = YES;
				GCC_WARN_UNINITIALIZED_AUTOS = YES_AGGRESSIVE;
				GCC_WARN_UNUSED_FUNCTION = YES;
				GCC_WARN_UNUSED_VARIABLE = YES;
				INFOPLIST_FILE = "";
				IPHONEOS_DEPLOYMENT_TARGET = 13.0;
				MTL_ENABLE_DEBUG_INFO = NO;
				MTL_FAST_MATH = YES;
				SDKROOT = iphoneos;
				SWIFT_COMPILATION_MODE = wholemodule;
				SWIFT_OPTIMIZATION_LEVEL = "-O";
				VALIDATE_PRODUCT = YES;
			};
			name = Release;
		};
		BAD30692234650CF002335CF /* Debug */ = {
			isa = XCBuildConfiguration;
			baseConfigurationReference = 0CE11B07FF1C27B77230CADE /* Pods-Newspaper.debug.xcconfig */;
			buildSettings = {
				ASSETCATALOG_COMPILER_APPICON_NAME = AppIcon;
				CLANG_ENABLE_MODULES = YES;
				CODE_SIGN_STYLE = Automatic;
				INFOPLIST_FILE = Newspaper/Ressources/Info.plist;
				IPHONEOS_DEPLOYMENT_TARGET = 11.4;
				LD_RUNPATH_SEARCH_PATHS = (
					"$(inherited)",
					"@executable_path/Frameworks",
				);
				PRODUCT_BUNDLE_IDENTIFIER = com.azerty.Newspaper;
				PRODUCT_NAME = "$(TARGET_NAME)";
				SWIFT_OPTIMIZATION_LEVEL = "-Onone";
				SWIFT_VERSION = 5.0;
				TARGETED_DEVICE_FAMILY = 1;
			};
			name = Debug;
		};
		BAD30693234650CF002335CF /* Release */ = {
			isa = XCBuildConfiguration;
			baseConfigurationReference = 439AFE84C9190A7AB9813D54 /* Pods-Newspaper.release.xcconfig */;
			buildSettings = {
				ASSETCATALOG_COMPILER_APPICON_NAME = AppIcon;
				CLANG_ENABLE_MODULES = YES;
				CODE_SIGN_STYLE = Automatic;
				INFOPLIST_FILE = Newspaper/Ressources/Info.plist;
				IPHONEOS_DEPLOYMENT_TARGET = 11.4;
				LD_RUNPATH_SEARCH_PATHS = (
					"$(inherited)",
					"@executable_path/Frameworks",
				);
				PRODUCT_BUNDLE_IDENTIFIER = com.azerty.Newspaper;
				PRODUCT_NAME = "$(TARGET_NAME)";
				SWIFT_VERSION = 5.0;
				TARGETED_DEVICE_FAMILY = 1;
			};
			name = Release;
		};
		BAD30695234650CF002335CF /* Debug */ = {
			isa = XCBuildConfiguration;
			buildSettings = {
				ALWAYS_EMBED_SWIFT_STANDARD_LIBRARIES = YES;
				BUNDLE_LOADER = "$(TEST_HOST)";
				CODE_SIGN_STYLE = Automatic;
				INFOPLIST_FILE = NewspaperTests/Info.plist;
				IPHONEOS_DEPLOYMENT_TARGET = 13.0;
				LD_RUNPATH_SEARCH_PATHS = (
					"$(inherited)",
					"@executable_path/Frameworks",
					"@loader_path/Frameworks",
				);
				PRODUCT_BUNDLE_IDENTIFIER = com.azerty.NewspaperTests;
				PRODUCT_NAME = "$(TARGET_NAME)";
				SWIFT_VERSION = 5.0;
				TARGETED_DEVICE_FAMILY = "1,2";
				TEST_HOST = "$(BUILT_PRODUCTS_DIR)/Newspaper.app/Newspaper";
			};
			name = Debug;
		};
		BAD30696234650CF002335CF /* Release */ = {
			isa = XCBuildConfiguration;
			buildSettings = {
				ALWAYS_EMBED_SWIFT_STANDARD_LIBRARIES = YES;
				BUNDLE_LOADER = "$(TEST_HOST)";
				CODE_SIGN_STYLE = Automatic;
				INFOPLIST_FILE = NewspaperTests/Info.plist;
				IPHONEOS_DEPLOYMENT_TARGET = 13.0;
				LD_RUNPATH_SEARCH_PATHS = (
					"$(inherited)",
					"@executable_path/Frameworks",
					"@loader_path/Frameworks",
				);
				PRODUCT_BUNDLE_IDENTIFIER = com.azerty.NewspaperTests;
				PRODUCT_NAME = "$(TARGET_NAME)";
				SWIFT_VERSION = 5.0;
				TARGETED_DEVICE_FAMILY = "1,2";
				TEST_HOST = "$(BUILT_PRODUCTS_DIR)/Newspaper.app/Newspaper";
			};
			name = Release;
		};
		BAD30698234650CF002335CF /* Debug */ = {
			isa = XCBuildConfiguration;
			buildSettings = {
				ALWAYS_EMBED_SWIFT_STANDARD_LIBRARIES = YES;
				CODE_SIGN_STYLE = Automatic;
				INFOPLIST_FILE = NewspaperUITests/Info.plist;
				LD_RUNPATH_SEARCH_PATHS = (
					"$(inherited)",
					"@executable_path/Frameworks",
					"@loader_path/Frameworks",
				);
				PRODUCT_BUNDLE_IDENTIFIER = com.azerty.NewspaperUITests;
				PRODUCT_NAME = "$(TARGET_NAME)";
				SWIFT_VERSION = 5.0;
				TARGETED_DEVICE_FAMILY = "1,2";
				TEST_TARGET_NAME = Newspaper;
			};
			name = Debug;
		};
		BAD30699234650CF002335CF /* Release */ = {
			isa = XCBuildConfiguration;
			buildSettings = {
				ALWAYS_EMBED_SWIFT_STANDARD_LIBRARIES = YES;
				CODE_SIGN_STYLE = Automatic;
				INFOPLIST_FILE = NewspaperUITests/Info.plist;
				LD_RUNPATH_SEARCH_PATHS = (
					"$(inherited)",
					"@executable_path/Frameworks",
					"@loader_path/Frameworks",
				);
				PRODUCT_BUNDLE_IDENTIFIER = com.azerty.NewspaperUITests;
				PRODUCT_NAME = "$(TARGET_NAME)";
				SWIFT_VERSION = 5.0;
				TARGETED_DEVICE_FAMILY = "1,2";
				TEST_TARGET_NAME = Newspaper;
			};
			name = Release;
		};
/* End XCBuildConfiguration section */

/* Begin XCConfigurationList section */
		BAD30662234650CE002335CF /* Build configuration list for PBXProject "Newspaper" */ = {
			isa = XCConfigurationList;
			buildConfigurations = (
				BAD3068F234650CF002335CF /* Debug */,
				BAD30690234650CF002335CF /* Release */,
			);
			defaultConfigurationIsVisible = 0;
			defaultConfigurationName = Release;
		};
		BAD30691234650CF002335CF /* Build configuration list for PBXNativeTarget "Newspaper" */ = {
			isa = XCConfigurationList;
			buildConfigurations = (
				BAD30692234650CF002335CF /* Debug */,
				BAD30693234650CF002335CF /* Release */,
			);
			defaultConfigurationIsVisible = 0;
			defaultConfigurationName = Release;
		};
		BAD30694234650CF002335CF /* Build configuration list for PBXNativeTarget "NewspaperTests" */ = {
			isa = XCConfigurationList;
			buildConfigurations = (
				BAD30695234650CF002335CF /* Debug */,
				BAD30696234650CF002335CF /* Release */,
			);
			defaultConfigurationIsVisible = 0;
			defaultConfigurationName = Release;
		};
		BAD30697234650CF002335CF /* Build configuration list for PBXNativeTarget "NewspaperUITests" */ = {
			isa = XCConfigurationList;
			buildConfigurations = (
				BAD30698234650CF002335CF /* Debug */,
				BAD30699234650CF002335CF /* Release */,
			);
			defaultConfigurationIsVisible = 0;
			defaultConfigurationName = Release;
		};
/* End XCConfigurationList section */
	};
	rootObject = BAD3065F234650CE002335CF /* Project object */;
}
